
Microsoft Visual Studio Solution File, Format Version 12.00
# Visual Studio Version 17
VisualStudioVersion = 17.5.33516.290
MinimumVisualStudioVersion = 10.0.40219.1
Project("{9A19103F-16F7-4668-BE54-9A1E7A4F7556}") = "backend", "backend.csproj", "{562DA3D1-F0E8-41BD-B9AC-424CBDD8D520}"
EndProject
Project("{9A19103F-16F7-4668-BE54-9A1E7A4F7556}") = "LogicService", "..\LogicService\LogicService.csproj", "{C801E4AC-6250-4774-91B1-A74A2C926C3A}"
EndProject
Global
	GlobalSection(SolutionConfigurationPlatforms) = preSolution
		Debug|Any CPU = Debug|Any CPU
		Release|Any CPU = Release|Any CPU
	EndGlobalSection
	GlobalSection(ProjectConfigurationPlatforms) = postSolution
		{562DA3D1-F0E8-41BD-B9AC-424CBDD8D520}.Debug|Any CPU.ActiveCfg = Debug|Any CPU
		{562DA3D1-F0E8-41BD-B9AC-424CBDD8D520}.Debug|Any CPU.Build.0 = Debug|Any CPU
		{562DA3D1-F0E8-41BD-B9AC-424CBDD8D520}.Release|Any CPU.ActiveCfg = Release|Any CPU
		{562DA3D1-F0E8-41BD-B9AC-424CBDD8D520}.Release|Any CPU.Build.0 = Release|Any CPU
		{C801E4AC-6250-4774-91B1-A74A2C926C3A}.Debug|Any CPU.ActiveCfg = Debug|Any CPU
		{C801E4AC-6250-4774-91B1-A74A2C926C3A}.Debug|Any CPU.Build.0 = Debug|Any CPU
		{C801E4AC-6250-4774-91B1-A74A2C926C3A}.Release|Any CPU.ActiveCfg = Release|Any CPU
		{C801E4AC-6250-4774-91B1-A74A2C926C3A}.Release|Any CPU.Build.0 = Release|Any CPU
	EndGlobalSection
	GlobalSection(SolutionProperties) = preSolution
		HideSolutionNode = FALSE
	EndGlobalSection
	GlobalSection(ExtensibilityGlobals) = postSolution
		SolutionGuid = {098D6AFB-7CE8-4253-9A68-34065E6E6B38}
	EndGlobalSection
EndGlobal
